
Microsoft Visual Studio Solution File, Format Version 12.00
# Visual Studio Version 17
VisualStudioVersion = 17.14.36408.4 d17.14
MinimumVisualStudioVersion = 10.0.40219.1
Project("{FAE04EC0-301F-11D3-BF4B-00C04F79EFBC}") = "LPSolver", "LPSolver\LPSolver.csproj", "{6EE273BB-4990-4CAE-B53D-104618A5DCEA}"
EndProject
Global
	GlobalSection(SolutionConfigurationPlatforms) = preSolution
		Debug|Any CPU = Debug|Any CPU
		Release|Any CPU = Release|Any CPU
	EndGlobalSection
	GlobalSection(ProjectConfigurationPlatforms) = postSolution
		{6EE273BB-4990-4CAE-B53D-104618A5DCEA}.Debug|Any CPU.ActiveCfg = Debug|Any CPU
		{6EE273BB-4990-4CAE-B53D-104618A5DCEA}.Debug|Any CPU.Build.0 = Debug|Any CPU
		{6EE273BB-4990-4CAE-B53D-104618A5DCEA}.Release|Any CPU.ActiveCfg = Release|Any CPU
		{6EE273BB-4990-4CAE-B53D-104618A5DCEA}.Release|Any CPU.Build.0 = Release|Any CPU
	EndGlobalSection
	GlobalSection(SolutionProperties) = preSolution
		HideSolutionNode = FALSE
	EndGlobalSection
	GlobalSection(ExtensibilityGlobals) = postSolution
		SolutionGuid = {5F6AD062-BA4E-4EDF-AEDA-E6DC08F5A549}
	EndGlobalSection
EndGlobal
